
Microsoft Visual Studio Solution File, Format Version 12.00
# Visual Studio Version 17
VisualStudioVersion = 17.0.31903.59
MinimumVisualStudioVersion = 10.0.40219.1
Project("{2150E333-8FDC-42A3-9474-1A3956D46DE8}") = "src", "src", "{375FEE3F-54D5-44EB-AB7D-7BCDF676DB3D}"
EndProject
Project("{FAE04EC0-301F-11D3-BF4B-00C04F79EFBC}") = "EventSourcing.Core", "src\EventSourcing.Core\EventSourcing.Core.csproj", "{F173BD1E-0AA5-4C49-8732-FBE0D2F9D320}"
EndProject
Project("{FAE04EC0-301F-11D3-BF4B-00C04F79EFBC}") = "EventSourcing.MongoDB", "src\EventSourcing.MongoDB\EventSourcing.MongoDB.csproj", "{F0F7D73D-89B3-45FF-B071-94B08BE0CFD4}"
EndProject
Project("{FAE04EC0-301F-11D3-BF4B-00C04F79EFBC}") = "EventSourcing.Abstractions", "src\EventSourcing.Abstractions\EventSourcing.Abstractions.csproj", "{D12FCB86-A0D2-4684-85BD-88F50FCD1409}"
EndProject
Project("{2150E333-8FDC-42A3-9474-1A3956D46DE8}") = "tests", "tests", "{1A3B69EF-5EFF-4BF5-942B-3898BB1DBFE9}"
EndProject
Project("{FAE04EC0-301F-11D3-BF4B-00C04F79EFBC}") = "EventSourcing.Tests", "tests\EventSourcing.Tests\EventSourcing.Tests.csproj", "{05B717FA-DF1B-4426-AF35-8B537C135E65}"
EndProject
Project("{2150E333-8FDC-42A3-9474-1A3956D46DE8}") = "examples", "examples", "{87C1B682-09D1-4EA1-AE92-4DCD0C72F30E}"
EndProject
Project("{FAE04EC0-301F-11D3-BF4B-00C04F79EFBC}") = "EventSourcing.Example.Api", "examples\EventSourcing.Example.Api\EventSourcing.Example.Api.csproj", "{B618E01E-3F8C-495F-A2F4-1DBD348F0F6E}"
EndProject
Project("{2150E333-8FDC-42A3-9474-1A3956D46DE8}") = "docs", "docs", "{8E9A4D2F-1B3C-4E5A-9F8D-2C7A6B8E9D1F}"
	ProjectSection(SolutionItems) = preProject
		docs\CUSTOM_PROVIDERS.md = docs\CUSTOM_PROVIDERS.md
		docs\EVENT_VERSIONING.md = docs\EVENT_VERSIONING.md
		docs\TESTING.md = docs\TESTING.md
	EndProjectSection
EndProject
Project("{2150E333-8FDC-42A3-9474-1A3956D46DE8}") = "Solution Items", "Solution Items", "{6F4B5C8A-2D9E-4F1B-8C3D-5E7A9B6C8D2E}"
	ProjectSection(SolutionItems) = preProject
		README.md = README.md
		.env.example = .env.example
		.gitignore = .gitignore
	EndProjectSection
EndProject
Project("{FAE04EC0-301F-11D3-BF4B-00C04F79EFBC}") = "EventSourcing.CQRS", "src\EventSourcing.CQRS\EventSourcing.CQRS.csproj", "{E0C74C17-A5C1-411E-ADF2-308D49FF901B}"
EndProject
Project("{2150E333-8FDC-42A3-9474-1A3956D46DE8}") = "benchmarks", "benchmarks", "{1BCD760A-C70D-4424-BE2D-0359D820D4F7}"
EndProject
Project("{FAE04EC0-301F-11D3-BF4B-00C04F79EFBC}") = "EventSourcing.Benchmarks", "benchmarks\EventSourcing.Benchmarks\EventSourcing.Benchmarks.csproj", "{033ECDBF-666E-484A-929D-8F632FBD6A70}"
EndProject
Project("{FAE04EC0-301F-11D3-BF4B-00C04F79EFBC}") = "EventSourcing.CQRS.Tests", "tests\EventSourcing.CQRS.Tests\EventSourcing.CQRS.Tests.csproj", "{2B515581-9438-47F5-93E9-0FC0729E18D9}"
EndProject
Global
	GlobalSection(SolutionConfigurationPlatforms) = preSolution
		Debug|Any CPU = Debug|Any CPU
		Release|Any CPU = Release|Any CPU
	EndGlobalSection
	GlobalSection(SolutionProperties) = preSolution
		HideSolutionNode = FALSE
	EndGlobalSection
	GlobalSection(ProjectConfigurationPlatforms) = postSolution
		{F173BD1E-0AA5-4C49-8732-FBE0D2F9D320}.Debug|Any CPU.ActiveCfg = Debug|Any CPU
		{F173BD1E-0AA5-4C49-8732-FBE0D2F9D320}.Debug|Any CPU.Build.0 = Debug|Any CPU
		{F173BD1E-0AA5-4C49-8732-FBE0D2F9D320}.Release|Any CPU.ActiveCfg = Release|Any CPU
		{F173BD1E-0AA5-4C49-8732-FBE0D2F9D320}.Release|Any CPU.Build.0 = Release|Any CPU
		{F0F7D73D-89B3-45FF-B071-94B08BE0CFD4}.Debug|Any CPU.ActiveCfg = Debug|Any CPU
		{F0F7D73D-89B3-45FF-B071-94B08BE0CFD4}.Debug|Any CPU.Build.0 = Debug|Any CPU
		{F0F7D73D-89B3-45FF-B071-94B08BE0CFD4}.Release|Any CPU.ActiveCfg = Release|Any CPU
		{F0F7D73D-89B3-45FF-B071-94B08BE0CFD4}.Release|Any CPU.Build.0 = Release|Any CPU
		{D12FCB86-A0D2-4684-85BD-88F50FCD1409}.Debug|Any CPU.ActiveCfg = Debug|Any CPU
		{D12FCB86-A0D2-4684-85BD-88F50FCD1409}.Debug|Any CPU.Build.0 = Debug|Any CPU
		{D12FCB86-A0D2-4684-85BD-88F50FCD1409}.Release|Any CPU.ActiveCfg = Release|Any CPU
		{D12FCB86-A0D2-4684-85BD-88F50FCD1409}.Release|Any CPU.Build.0 = Release|Any CPU
		{05B717FA-DF1B-4426-AF35-8B537C135E65}.Debug|Any CPU.ActiveCfg = Debug|Any CPU
		{05B717FA-DF1B-4426-AF35-8B537C135E65}.Debug|Any CPU.Build.0 = Debug|Any CPU
		{05B717FA-DF1B-4426-AF35-8B537C135E65}.Release|Any CPU.ActiveCfg = Release|Any CPU
		{05B717FA-DF1B-4426-AF35-8B537C135E65}.Release|Any CPU.Build.0 = Release|Any CPU
		{B618E01E-3F8C-495F-A2F4-1DBD348F0F6E}.Debug|Any CPU.ActiveCfg = Debug|Any CPU
		{B618E01E-3F8C-495F-A2F4-1DBD348F0F6E}.Debug|Any CPU.Build.0 = Debug|Any CPU
		{B618E01E-3F8C-495F-A2F4-1DBD348F0F6E}.Release|Any CPU.ActiveCfg = Release|Any CPU
		{B618E01E-3F8C-495F-A2F4-1DBD348F0F6E}.Release|Any CPU.Build.0 = Release|Any CPU
		{E0C74C17-A5C1-411E-ADF2-308D49FF901B}.Debug|Any CPU.ActiveCfg = Debug|Any CPU
		{E0C74C17-A5C1-411E-ADF2-308D49FF901B}.Debug|Any CPU.Build.0 = Debug|Any CPU
		{E0C74C17-A5C1-411E-ADF2-308D49FF901B}.Release|Any CPU.ActiveCfg = Release|Any CPU
		{E0C74C17-A5C1-411E-ADF2-308D49FF901B}.Release|Any CPU.Build.0 = Release|Any CPU
		{033ECDBF-666E-484A-929D-8F632FBD6A70}.Debug|Any CPU.ActiveCfg = Debug|Any CPU
		{033ECDBF-666E-484A-929D-8F632FBD6A70}.Debug|Any CPU.Build.0 = Debug|Any CPU
		{033ECDBF-666E-484A-929D-8F632FBD6A70}.Release|Any CPU.ActiveCfg = Release|Any CPU
		{033ECDBF-666E-484A-929D-8F632FBD6A70}.Release|Any CPU.Build.0 = Release|Any CPU
		{2B515581-9438-47F5-93E9-0FC0729E18D9}.Debug|Any CPU.ActiveCfg = Debug|Any CPU
		{2B515581-9438-47F5-93E9-0FC0729E18D9}.Debug|Any CPU.Build.0 = Debug|Any CPU
		{2B515581-9438-47F5-93E9-0FC0729E18D9}.Release|Any CPU.ActiveCfg = Release|Any CPU
		{2B515581-9438-47F5-93E9-0FC0729E18D9}.Release|Any CPU.Build.0 = Release|Any CPU
	EndGlobalSection
	GlobalSection(NestedProjects) = preSolution
		{F173BD1E-0AA5-4C49-8732-FBE0D2F9D320} = {375FEE3F-54D5-44EB-AB7D-7BCDF676DB3D}
		{F0F7D73D-89B3-45FF-B071-94B08BE0CFD4} = {375FEE3F-54D5-44EB-AB7D-7BCDF676DB3D}
		{D12FCB86-A0D2-4684-85BD-88F50FCD1409} = {375FEE3F-54D5-44EB-AB7D-7BCDF676DB3D}
		{05B717FA-DF1B-4426-AF35-8B537C135E65} = {1A3B69EF-5EFF-4BF5-942B-3898BB1DBFE9}
		{B618E01E-3F8C-495F-A2F4-1DBD348F0F6E} = {87C1B682-09D1-4EA1-AE92-4DCD0C72F30E}
		{E0C74C17-A5C1-411E-ADF2-308D49FF901B} = {375FEE3F-54D5-44EB-AB7D-7BCDF676DB3D}
		{033ECDBF-666E-484A-929D-8F632FBD6A70} = {1BCD760A-C70D-4424-BE2D-0359D820D4F7}
		{2B515581-9438-47F5-93E9-0FC0729E18D9} = {1A3B69EF-5EFF-4BF5-942B-3898BB1DBFE9}
	EndGlobalSection
EndGlobal
